
Microsoft Visual Studio Solution File, Format Version 12.00
# Visual Studio 14
VisualStudioVersion = 14.0.24720.0
MinimumVisualStudioVersion = 10.0.40219.1
Project("{FAE04EC0-301F-11D3-BF4B-00C04F79EFBC}") = "AzureChunkingMediaFileUploader", "AzureChunkingMediaFileUploader\AzureChunkingMediaFileUploader.csproj", "{EBA2E68E-B58F-404D-8B0E-9AF6601CF8F7}"
EndProject
Project("{FAE04EC0-301F-11D3-BF4B-00C04F79EFBC}") = "AzureLargeFileUploader", "AzureLargeFileUploader\AzureLargeFileUploader.csproj", "{B3821EDE-689E-4B36-A12F-EFF405C86DBE}"
EndProject
Project("{FAE04EC0-301F-11D3-BF4B-00C04F79EFBC}") = "AzureChunkingMediaEncoder", "AzureChunkingMediaEncoder\AzureChunkingMediaEncoder.csproj", "{45A2E3BD-6D9E-4830-974F-623C8D55D3F2}"
EndProject
Project("{D954291E-2A0B-460D-934E-DC6B0785DB48}") = "Shared", "Shared\Shared.shproj", "{A9BC3CFB-5A74-43CB-A37F-4B8AF2C880D2}"
EndProject
Project("{151D2E53-A2C4-4D7D-83FE-D05416EBD58E}") = "ARM", "ARM\ARM.deployproj", "{19B623F2-4263-433A-A1C5-F6622F5D077C}"
EndProject
Project("{FAE04EC0-301F-11D3-BF4B-00C04F79EFBC}") = "Agent", "Agent\Agent.csproj", "{368895C8-6049-49C4-99BE-D423B6DE1716}"
EndProject
Project("{2150E333-8FDC-42A3-9474-1A3956D46DE8}") = "build", "build", "{9618E76D-0249-4996-A1B6-9CFF6F06A885}"
	ProjectSection(SolutionItems) = preProject
		..\..\build.cake = ..\..\build.cake
		..\..\tools.cake = ..\..\tools.cake
	EndProjectSection
EndProject
Global
	GlobalSection(SharedMSBuildProjectFiles) = preSolution
		Shared\Shared.projitems*{a9bc3cfb-5a74-43cb-a37f-4b8af2c880d2}*SharedItemsImports = 13
		Shared\Shared.projitems*{eba2e68e-b58f-404d-8b0e-9af6601cf8f7}*SharedItemsImports = 4
		Shared\Shared.projitems*{45a2e3bd-6d9e-4830-974f-623c8d55d3f2}*SharedItemsImports = 4
	EndGlobalSection
	GlobalSection(SolutionConfigurationPlatforms) = preSolution
		Debug|Any CPU = Debug|Any CPU
		Release|Any CPU = Release|Any CPU
	EndGlobalSection
	GlobalSection(ProjectConfigurationPlatforms) = postSolution
		{EBA2E68E-B58F-404D-8B0E-9AF6601CF8F7}.Debug|Any CPU.ActiveCfg = Debug|Any CPU
		{EBA2E68E-B58F-404D-8B0E-9AF6601CF8F7}.Debug|Any CPU.Build.0 = Debug|Any CPU
		{EBA2E68E-B58F-404D-8B0E-9AF6601CF8F7}.Release|Any CPU.ActiveCfg = Release|Any CPU
		{EBA2E68E-B58F-404D-8B0E-9AF6601CF8F7}.Release|Any CPU.Build.0 = Release|Any CPU
		{B3821EDE-689E-4B36-A12F-EFF405C86DBE}.Debug|Any CPU.ActiveCfg = Debug|Any CPU
		{B3821EDE-689E-4B36-A12F-EFF405C86DBE}.Debug|Any CPU.Build.0 = Debug|Any CPU
		{B3821EDE-689E-4B36-A12F-EFF405C86DBE}.Release|Any CPU.ActiveCfg = Release|Any CPU
		{B3821EDE-689E-4B36-A12F-EFF405C86DBE}.Release|Any CPU.Build.0 = Release|Any CPU
		{45A2E3BD-6D9E-4830-974F-623C8D55D3F2}.Debug|Any CPU.ActiveCfg = Debug|Any CPU
		{45A2E3BD-6D9E-4830-974F-623C8D55D3F2}.Debug|Any CPU.Build.0 = Debug|Any CPU
		{45A2E3BD-6D9E-4830-974F-623C8D55D3F2}.Release|Any CPU.ActiveCfg = Release|Any CPU
		{45A2E3BD-6D9E-4830-974F-623C8D55D3F2}.Release|Any CPU.Build.0 = Release|Any CPU
		{19B623F2-4263-433A-A1C5-F6622F5D077C}.Debug|Any CPU.ActiveCfg = Debug|Any CPU
		{19B623F2-4263-433A-A1C5-F6622F5D077C}.Debug|Any CPU.Build.0 = Debug|Any CPU
		{19B623F2-4263-433A-A1C5-F6622F5D077C}.Release|Any CPU.ActiveCfg = Release|Any CPU
		{19B623F2-4263-433A-A1C5-F6622F5D077C}.Release|Any CPU.Build.0 = Release|Any CPU
		{368895C8-6049-49C4-99BE-D423B6DE1716}.Debug|Any CPU.ActiveCfg = Debug|Any CPU
		{368895C8-6049-49C4-99BE-D423B6DE1716}.Debug|Any CPU.Build.0 = Debug|Any CPU
		{368895C8-6049-49C4-99BE-D423B6DE1716}.Release|Any CPU.ActiveCfg = Release|Any CPU
		{368895C8-6049-49C4-99BE-D423B6DE1716}.Release|Any CPU.Build.0 = Release|Any CPU
	EndGlobalSection
	GlobalSection(SolutionProperties) = preSolution
		HideSolutionNode = FALSE
	EndGlobalSection
EndGlobal
